
Microsoft Visual Studio Solution File, Format Version 12.00
# Visual Studio Version 16
VisualStudioVersion = 16.0.30804.86
MinimumVisualStudioVersion = 10.0.40219.1
Project("{FAE04EC0-301F-11D3-BF4B-00C04F79EFBC}") = "TTN_Vitamin", "TTN_Vitamin\TTN_Vitamin.csproj", "{844AD298-FD65-48BC-8A88-C31F3E13D943}"
EndProject
Global
	GlobalSection(SolutionConfigurationPlatforms) = preSolution
		Debug|Any CPU = Debug|Any CPU
		Release|Any CPU = Release|Any CPU
	EndGlobalSection
	GlobalSection(ProjectConfigurationPlatforms) = postSolution
		{844AD298-FD65-48BC-8A88-C31F3E13D943}.Debug|Any CPU.ActiveCfg = Debug|Any CPU
		{844AD298-FD65-48BC-8A88-C31F3E13D943}.Debug|Any CPU.Build.0 = Debug|Any CPU
		{844AD298-FD65-48BC-8A88-C31F3E13D943}.Release|Any CPU.ActiveCfg = Release|Any CPU
		{844AD298-FD65-48BC-8A88-C31F3E13D943}.Release|Any CPU.Build.0 = Release|Any CPU
	EndGlobalSection
	GlobalSection(SolutionProperties) = preSolution
		HideSolutionNode = FALSE
	EndGlobalSection
	GlobalSection(ExtensibilityGlobals) = postSolution
		SolutionGuid = {3A38E46B-3641-4C5B-9EA2-91BE3611C610}
	EndGlobalSection
EndGlobal
